<?xml version="1.0" encoding="utf-8"?>
<Project ToolsVersion="4.0" xmlns="http://schemas.microsoft.com/developer/msbuild/2003">
  <ItemGroup>
    <Filter Include="Quelldateien">
      <UniqueIdentifier>{4FC737F1-C7A5-4376-A066-2A32D752A2FF}</UniqueIdentifier>
      <Extensions>cpp;c;cc;cxx;def;odl;idl;hpj;bat;asm;asmx</Extensions>
    </Filter>
    <Filter Include="Headerdateien">
      <UniqueIdentifier>{93995380-89BD-4b04-88EB-625FBE52EBFB}</UniqueIdentifier>
      <Extensions>h;hh;hpp;hxx;hm;inl;inc;xsd</Extensions>
    </Filter>
    <Filter Include="Ressourcendateien">
      <UniqueIdentifier>{67DA6AB6-F800-4c08-8B7A-83BB121AAD01}</UniqueIdentifier>
      <Extensions>rc;ico;cur;bmp;dlg;rc2;rct;bin;rgs;gif;jpg;jpeg;jpe;resx;tiff;tif;png;wav;mfcribbon-ms</Extensions>
    </Filter>
    <Filter Include="Headerdateien\Shaders">
      <UniqueIdentifier>{8fbbd3b9-e9f9-4054-89a9-e7be428e5e15}</UniqueIdentifier>
    </Filter>
    <Filter Include="Quelldateien\Shaders">
      <UniqueIdentifier>{adae06f8-4027-4141-a4bf-77962de2addf}</UniqueIdentifier>
    </Filter>
    <Filter Include="Quelldateien\Shaders\BlurShader">
      <UniqueIdentifier>{162c9a72-23e7-4524-97e9-fa716930d677}</UniqueIdentifier>
    </Filter>
    <Filter Include="Headerdateien\Shaders\BlurShader">
      <UniqueIdentifier>{131c1e60-61be-4af0-8f4b-591240fd3b06}</UniqueIdentifier>
    </Filter>
    <Filter Include="Headerdateien\Shaders\SketchShader">
      <UniqueIdentifier>{19820654-1791-492b-a07d-76c6bece9330}</UniqueIdentifier>
    </Filter>
    <Filter Include="Quelldateien\Shaders\SketchShader">
      <UniqueIdentifier>{56803839-d674-4b93-b502-1c78ad11c581}</UniqueIdentifier>
    </Filter>
    <Filter Include="Headerdateien\Shaders\ColorShader">
      <UniqueIdentifier>{3e415853-ab00-46c8-8cd5-733c86603a4e}</UniqueIdentifier>
    </Filter>
    <Filter Include="Quelldateien\Shaders\ColorShader">
      <UniqueIdentifier>{83f645d1-03d8-4260-99a9-7a77e424511e}</UniqueIdentifier>
    </Filter>
    <Filter Include="Headerdateien\Shaders\NegativeShader">
      <UniqueIdentifier>{d4adddb0-ff60-4533-b1c0-5b6eccd70b41}</UniqueIdentifier>
    </Filter>
    <Filter Include="Quelldateien\Shaders\NegativeShader">
      <UniqueIdentifier>{c936c3d1-2e49-49c8-a2e4-06da1c3e224c}</UniqueIdentifier>
    </Filter>
  </ItemGroup>
  <ItemGroup>
    <ClCompile Include="code\main.cpp">
      <Filter>Quelldateien</Filter>
    </ClCompile>
    <ClCompile Include="code\Shaders\BlurShader\BlurShader.cpp">
      <Filter>Quelldateien\Shaders\BlurShader</Filter>
    </ClCompile>
    <ClCompile Include="code\Shaders\ColorShader\ColorShader.cpp">
      <Filter>Quelldateien\Shaders\ColorShader</Filter>
    </ClCompile>
    <ClCompile Include="code\Shaders\SketchShader\SketchShader.cpp">
      <Filter>Quelldateien\Shaders\SketchShader</Filter>
    </ClCompile>
    <ClCompile Include="code\Shaders\NegativeShader\NegativeShader.cpp">
      <Filter>Quelldateien\Shaders\NegativeShader</Filter>
    </ClCompile>
  </ItemGroup>
  <ItemGroup>
    <ClInclude Include="code\Shaders\BlurShader\BlurShader.h">
      <Filter>Headerdateien\Shaders\BlurShader</Filter>
    </ClInclude>
    <ClInclude Include="code\Shaders\ColorShader\ColorShader.h">
      <Filter>Headerdateien\Shaders\ColorShader</Filter>
    </ClInclude>
    <ClInclude Include="code\Shaders\SketchShader\SketchShader.h">
      <Filter>Headerdateien\Shaders\SketchShader</Filter>
    </ClInclude>
    <ClInclude Include="code\Shaders\NegativeShader\NegativeShader.h">
      <Filter>Headerdateien\Shaders\NegativeShader</Filter>
    </ClInclude>
  </ItemGroup>
</Project>